<Solution>
	<Folder Name="/Solution Items/">
		<File Path="Directory.Build.props" />
		<File Path="Directory.Packages.props" />
		<File Path="LICENSE" />
		<File Path="README.md" />
		<File Path="sources/Experiments/Directory.Build.props" />
	</Folder>
	<Project Path="sources/WinUI.AvalonDock/WinUI.AvalonDock.csproj" />
	<Folder Name="/Experiments/">
		<Project Path="sources/Experiments/Docking/Docking.csproj" />
		<Project Path="sources/Experiments/ToggleDocking/ToggleDocking.csproj" />
		<Project Path="sources/Experiments/Mvvm/Mvvm.csproj" />
	</Folder>
</Solution>
